// !$*UTF8*$!
{
	archiveVersion = 1;
	classes = {
	};
	objectVersion = 46;
	objects = {

/* Begin PBXBuildFile section */
		9136D0CC1A34A5CF00CE1793 /* AppDelegate.m in Sources */ = {isa = PBXBuildFile; fileRef = 9136D0CB1A34A5CF00CE1793 /* AppDelegate.m */; };
		9136D0CE1A34A5CF00CE1793 /* main.m in Sources */ = {isa = PBXBuildFile; fileRef = 9136D0CD1A34A5CF00CE1793 /* main.m */; };
		9136D0D01A34A5CF00CE1793 /* Images.xcassets in Resources */ = {isa = PBXBuildFile; fileRef = 9136D0CF1A34A5CF00CE1793 /* Images.xcassets */; };
		9136D0D31A34A5CF00CE1793 /* MainMenu.xib in Resources */ = {isa = PBXBuildFile; fileRef = 9136D0D11A34A5CF00CE1793 /* MainMenu.xib */; };
		9136D0DF1A34A5CF00CE1793 /* ITPathbarTests.m in Sources */ = {isa = PBXBuildFile; fileRef = 9136D0DE1A34A5CF00CE1793 /* ITPathbarTests.m */; };
		91AF98B61A40B31B001C7CAE /* ITPathbar.m in Sources */ = {isa = PBXBuildFile; fileRef = 91AF98AF1A40B31B001C7CAE /* ITPathbar.m */; };
		91AF98B71A40B31B001C7CAE /* ITPathbarComponent.m in Sources */ = {isa = PBXBuildFile; fileRef = 91AF98B11A40B31B001C7CAE /* ITPathbarComponent.m */; };
		91AF98B81A40B31B001C7CAE /* ITPathbarComponentBackgroundView.m in Sources */ = {isa = PBXBuildFile; fileRef = 91AF98B31A40B31B001C7CAE /* ITPathbarComponentBackgroundView.m */; };
		91AF98B91A40B31B001C7CAE /* ITPathbarLayer.m in Sources */ = {isa = PBXBuildFile; fileRef = 91AF98B51A40B31B001C7CAE /* ITPathbarLayer.m */; };
/* End PBXBuildFile section */

/* Begin PBXContainerItemProxy section */
		9136D0D91A34A5CF00CE1793 /* PBXContainerItemProxy */ = {
			isa = PBXContainerItemProxy;
			containerPortal = 9136D0BD1A34A5CF00CE1793 /* Project object */;
			proxyType = 1;
			remoteGlobalIDString = 9136D0C41A34A5CF00CE1793;
			remoteInfo = ITPathbar;
		};
/* End PBXContainerItemProxy section */

/* Begin PBXFileReference section */
		9136D0C51A34A5CF00CE1793 /* ITPathbar.app */ = {isa = PBXFileReference; explicitFileType = wrapper.application; includeInIndex = 0; path = ITPathbar.app; sourceTree = BUILT_PRODUCTS_DIR; };
		9136D0C91A34A5CF00CE1793 /* Info.plist */ = {isa = PBXFileReference; lastKnownFileType = text.plist.xml; path = Info.plist; sourceTree = "<group>"; };
		9136D0CA1A34A5CF00CE1793 /* AppDelegate.h */ = {isa = PBXFileReference; lastKnownFileType = sourcecode.c.h; path = AppDelegate.h; sourceTree = "<group>"; };
		9136D0CB1A34A5CF00CE1793 /* AppDelegate.m */ = {isa = PBXFileReference; lastKnownFileType = sourcecode.c.objc; path = AppDelegate.m; sourceTree = "<group>"; };
		9136D0CD1A34A5CF00CE1793 /* main.m */ = {isa = PBXFileReference; lastKnownFileType = sourcecode.c.objc; path = main.m; sourceTree = "<group>"; };
		9136D0CF1A34A5CF00CE1793 /* Images.xcassets */ = {isa = PBXFileReference; lastKnownFileType = folder.assetcatalog; path = Images.xcassets; sourceTree = "<group>"; };
		9136D0D21A34A5CF00CE1793 /* Base */ = {isa = PBXFileReference; lastKnownFileType = file.xib; name = Base; path = Base.lproj/MainMenu.xib; sourceTree = "<group>"; };
		9136D0D81A34A5CF00CE1793 /* ITPathbarTests.xctest */ = {isa = PBXFileReference; explicitFileType = wrapper.cfbundle; includeInIndex = 0; path = ITPathbarTests.xctest; sourceTree = BUILT_PRODUCTS_DIR; };
		9136D0DD1A34A5CF00CE1793 /* Info.plist */ = {isa = PBXFileReference; lastKnownFileType = text.plist.xml; path = Info.plist; sourceTree = "<group>"; };
		9136D0DE1A34A5CF00CE1793 /* ITPathbarTests.m */ = {isa = PBXFileReference; lastKnownFileType = sourcecode.c.objc; path = ITPathbarTests.m; sourceTree = "<group>"; };
		91AF98AE1A40B31B001C7CAE /* ITPathbar.h */ = {isa = PBXFileReference; fileEncoding = 4; lastKnownFileType = sourcecode.c.h; name = ITPathbar.h; path = ../../Classes/ITPathbar.h; sourceTree = "<group>"; };
		91AF98AF1A40B31B001C7CAE /* ITPathbar.m */ = {isa = PBXFileReference; fileEncoding = 4; lastKnownFileType = sourcecode.c.objc; name = ITPathbar.m; path = ../../Classes/ITPathbar.m; sourceTree = "<group>"; };
		91AF98B01A40B31B001C7CAE /* ITPathbarComponent.h */ = {isa = PBXFileReference; fileEncoding = 4; lastKnownFileType = sourcecode.c.h; name = ITPathbarComponent.h; path = ../../Classes/ITPathbarComponent.h; sourceTree = "<group>"; };
		91AF98B11A40B31B001C7CAE /* ITPathbarComponent.m */ = {isa = PBXFileReference; fileEncoding = 4; lastKnownFileType = sourcecode.c.objc; name = ITPathbarComponent.m; path = ../../Classes/ITPathbarComponent.m; sourceTree = "<group>"; };
		91AF98B21A40B31B001C7CAE /* ITPathbarComponentBackgroundView.h */ = {isa = PBXFileReference; fileEncoding = 4; lastKnownFileType = sourcecode.c.h; name = ITPathbarComponentBackgroundView.h; path = ../../Classes/ITPathbarComponentBackgroundView.h; sourceTree = "<group>"; };
		91AF98B31A40B31B001C7CAE /* ITPathbarComponentBackgroundView.m */ = {isa = PBXFileReference; fileEncoding = 4; lastKnownFileType = sourcecode.c.objc; name = ITPathbarComponentBackgroundView.m; path = ../../Classes/ITPathbarComponentBackgroundView.m; sourceTree = "<group>"; };
		91AF98B41A40B31B001C7CAE /* ITPathbarLayer.h */ = {isa = PBXFileReference; fileEncoding = 4; lastKnownFileType = sourcecode.c.h; name = ITPathbarLayer.h; path = ../../Classes/ITPathbarLayer.h; sourceTree = "<group>"; };
		91AF98B51A40B31B001C7CAE /* ITPathbarLayer.m */ = {isa = PBXFileReference; fileEncoding = 4; lastKnownFileType = sourcecode.c.objc; name = ITPathbarLayer.m; path = ../../Classes/ITPathbarLayer.m; sourceTree = "<group>"; };
/* End PBXFileReference section */

/* Begin PBXFrameworksBuildPhase section */
		9136D0C21A34A5CF00CE1793 /* Frameworks */ = {
			isa = PBXFrameworksBuildPhase;
			buildActionMask = 2147483647;
			files = (
			);
			runOnlyForDeploymentPostprocessing = 0;
		};
		9136D0D51A34A5CF00CE1793 /* Frameworks */ = {
			isa = PBXFrameworksBuildPhase;
			buildActionMask = 2147483647;
			files = (
			);
			runOnlyForDeploymentPostprocessing = 0;
		};
/* End PBXFrameworksBuildPhase section */

/* Begin PBXGroup section */
		9136D0BC1A34A5CF00CE1793 = {
			isa = PBXGroup;
			children = (
				9136D0C71A34A5CF00CE1793 /* ITPathbar */,
				9136D0DB1A34A5CF00CE1793 /* ITPathbarTests */,
				9136D0C61A34A5CF00CE1793 /* Products */,
			);
			sourceTree = "<group>";
		};
		9136D0C61A34A5CF00CE1793 /* Products */ = {
			isa = PBXGroup;
			children = (
				9136D0C51A34A5CF00CE1793 /* ITPathbar.app */,
				9136D0D81A34A5CF00CE1793 /* ITPathbarTests.xctest */,
			);
			name = Products;
			sourceTree = "<group>";
		};
		9136D0C71A34A5CF00CE1793 /* ITPathbar */ = {
			isa = PBXGroup;
			children = (
				9136D0E81A34A5E000CE1793 /* Classes */,
				9136D0CA1A34A5CF00CE1793 /* AppDelegate.h */,
				9136D0CB1A34A5CF00CE1793 /* AppDelegate.m */,
				9136D0CF1A34A5CF00CE1793 /* Images.xcassets */,
				9136D0D11A34A5CF00CE1793 /* MainMenu.xib */,
				9136D0C81A34A5CF00CE1793 /* Supporting Files */,
			);
			path = ITPathbar;
			sourceTree = "<group>";
		};
		9136D0C81A34A5CF00CE1793 /* Supporting Files */ = {
			isa = PBXGroup;
			children = (
				9136D0C91A34A5CF00CE1793 /* Info.plist */,
				9136D0CD1A34A5CF00CE1793 /* main.m */,
			);
			name = "Supporting Files";
			sourceTree = "<group>";
		};
		9136D0DB1A34A5CF00CE1793 /* ITPathbarTests */ = {
			isa = PBXGroup;
			children = (
				9136D0DE1A34A5CF00CE1793 /* ITPathbarTests.m */,
				9136D0DC1A34A5CF00CE1793 /* Supporting Files */,
			);
			path = ITPathbarTests;
			sourceTree = "<group>";
		};
		9136D0DC1A34A5CF00CE1793 /* Supporting Files */ = {
			isa = PBXGroup;
			children = (
				9136D0DD1A34A5CF00CE1793 /* Info.plist */,
			);
			name = "Supporting Files";
			sourceTree = "<group>";
		};
		9136D0E81A34A5E000CE1793 /* Classes */ = {
			isa = PBXGroup;
			children = (
				91AF98AE1A40B31B001C7CAE /* ITPathbar.h */,
				91AF98AF1A40B31B001C7CAE /* ITPathbar.m */,
				91AF98B01A40B31B001C7CAE /* ITPathbarComponent.h */,
				91AF98B11A40B31B001C7CAE /* ITPathbarComponent.m */,
				91AF98B21A40B31B001C7CAE /* ITPathbarComponentBackgroundView.h */,
				91AF98B31A40B31B001C7CAE /* ITPathbarComponentBackgroundView.m */,
				91AF98B41A40B31B001C7CAE /* ITPathbarLayer.h */,
				91AF98B51A40B31B001C7CAE /* ITPathbarLayer.m */,
			);
			name = Classes;
			sourceTree = "<group>";
		};
/* End PBXGroup section */

/* Begin PBXNativeTarget section */
		9136D0C41A34A5CF00CE1793 /* ITPathbar */ = {
			isa = PBXNativeTarget;
			buildConfigurationList = 9136D0E21A34A5CF00CE1793 /* Build configuration list for PBXNativeTarget "ITPathbar" */;
			buildPhases = (
				9136D0C11A34A5CF00CE1793 /* Sources */,
				9136D0C21A34A5CF00CE1793 /* Frameworks */,
				9136D0C31A34A5CF00CE1793 /* Resources */,
			);
			buildRules = (
			);
			dependencies = (
			);
			name = ITPathbar;
			productName = ITPathbar;
			productReference = 9136D0C51A34A5CF00CE1793 /* ITPathbar.app */;
			productType = "com.apple.product-type.application";
		};
		9136D0D71A34A5CF00CE1793 /* ITPathbarTests */ = {
			isa = PBXNativeTarget;
			buildConfigurationList = 9136D0E51A34A5CF00CE1793 /* Build configuration list for PBXNativeTarget "ITPathbarTests" */;
			buildPhases = (
				9136D0D41A34A5CF00CE1793 /* Sources */,
				9136D0D51A34A5CF00CE1793 /* Frameworks */,
				9136D0D61A34A5CF00CE1793 /* Resources */,
			);
			buildRules = (
			);
			dependencies = (
				9136D0DA1A34A5CF00CE1793 /* PBXTargetDependency */,
			);
			name = ITPathbarTests;
			productName = ITPathbarTests;
			productReference = 9136D0D81A34A5CF00CE1793 /* ITPathbarTests.xctest */;
			productType = "com.apple.product-type.bundle.unit-test";
		};
/* End PBXNativeTarget section */

/* Begin PBXProject section */
		9136D0BD1A34A5CF00CE1793 /* Project object */ = {
			isa = PBXProject;
			attributes = {
				LastUpgradeCheck = 0610;
				ORGANIZATIONNAME = "Ilija Tovilo";
				TargetAttributes = {
					9136D0C41A34A5CF00CE1793 = {
						CreatedOnToolsVersion = 6.1.1;
					};
					9136D0D71A34A5CF00CE1793 = {
						CreatedOnToolsVersion = 6.1.1;
						TestTargetID = 9136D0C41A34A5CF00CE1793;
					};
				};
			};
			buildConfigurationList = 9136D0C01A34A5CF00CE1793 /* Build configuration list for PBXProject "ITPathbar" */;
			compatibilityVersion = "Xcode 3.2";
			developmentRegion = English;
			hasScannedForEncodings = 0;
			knownRegions = (
				en,
				Base,
			);
			mainGroup = 9136D0BC1A34A5CF00CE1793;
			productRefGroup = 9136D0C61A34A5CF00CE1793 /* Products */;
			projectDirPath = "";
			projectRoot = "";
			targets = (
				9136D0C41A34A5CF00CE1793 /* ITPathbar */,
				9136D0D71A34A5CF00CE1793 /* ITPathbarTests */,
			);
		};
/* End PBXProject section */

/* Begin PBXResourcesBuildPhase section */
		9136D0C31A34A5CF00CE1793 /* Resources */ = {
			isa = PBXResourcesBuildPhase;
			buildActionMask = 2147483647;
			files = (
				9136D0D01A34A5CF00CE1793 /* Images.xcassets in Resources */,
				9136D0D31A34A5CF00CE1793 /* MainMenu.xib in Resources */,
			);
			runOnlyForDeploymentPostprocessing = 0;
		};
		9136D0D61A34A5CF00CE1793 /* Resources */ = {
			isa = PBXResourcesBuildPhase;
			buildActionMask = 2147483647;
			files = (
			);
			runOnlyForDeploymentPostprocessing = 0;
		};
/* End PBXResourcesBuildPhase section */

/* Begin PBXSourcesBuildPhase section */
		9136D0C11A34A5CF00CE1793 /* Sources */ = {
			isa = PBXSourcesBuildPhase;
			buildActionMask = 2147483647;
			files = (
				9136D0CE1A34A5CF00CE1793 /* main.m in Sources */,
				91AF98B71A40B31B001C7CAE /* ITPathbarComponent.m in Sources */,
				91AF98B81A40B31B001C7CAE /* ITPathbarComponentBackgroundView.m in Sources */,
				91AF98B91A40B31B001C7CAE /* ITPathbarLayer.m in Sources */,
				9136D0CC1A34A5CF00CE1793 /* AppDelegate.m in Sources */,
				91AF98B61A40B31B001C7CAE /* ITPathbar.m in Sources */,
			);
			runOnlyForDeploymentPostprocessing = 0;
		};
		9136D0D41A34A5CF00CE1793 /* Sources */ = {
			isa = PBXSourcesBuildPhase;
			buildActionMask = 2147483647;
			files = (
				9136D0DF1A34A5CF00CE1793 /* ITPathbarTests.m in Sources */,
			);
			runOnlyForDeploymentPostprocessing = 0;
		};
/* End PBXSourcesBuildPhase section */

/* Begin PBXTargetDependency section */
		9136D0DA1A34A5CF00CE1793 /* PBXTargetDependency */ = {
			isa = PBXTargetDependency;
			target = 9136D0C41A34A5CF00CE1793 /* ITPathbar */;
			targetProxy = 9136D0D91A34A5CF00CE1793 /* PBXContainerItemProxy */;
		};
/* End PBXTargetDependency section */

/* Begin PBXVariantGroup section */
		9136D0D11A34A5CF00CE1793 /* MainMenu.xib */ = {
			isa = PBXVariantGroup;
			children = (
				9136D0D21A34A5CF00CE1793 /* Base */,
			);
			name = MainMenu.xib;
			sourceTree = "<group>";
		};
/* End PBXVariantGroup section */

/* Begin XCBuildConfiguration section */
		9136D0E01A34A5CF00CE1793 /* Debug */ = {
			isa = XCBuildConfiguration;
			buildSettings = {
				ALWAYS_SEARCH_USER_PATHS = NO;
				CLANG_CXX_LANGUAGE_STANDARD = "gnu++0x";
				CLANG_CXX_LIBRARY = "libc++";
				CLANG_ENABLE_MODULES = YES;
				CLANG_ENABLE_OBJC_ARC = YES;
				CLANG_WARN_BOOL_CONVERSION = YES;
				CLANG_WARN_CONSTANT_CONVERSION = YES;
				CLANG_WARN_DIRECT_OBJC_ISA_USAGE = YES_ERROR;
				CLANG_WARN_EMPTY_BODY = YES;
				CLANG_WARN_ENUM_CONVERSION = YES;
				CLANG_WARN_INT_CONVERSION = YES;
				CLANG_WARN_OBJC_ROOT_CLASS = YES_ERROR;
				CLANG_WARN_UNREACHABLE_CODE = YES;
				CLANG_WARN__DUPLICATE_METHOD_MATCH = YES;
				CODE_SIGN_IDENTITY = "-";
				COPY_PHASE_STRIP = NO;
				ENABLE_STRICT_OBJC_MSGSEND = YES;
				GCC_C_LANGUAGE_STANDARD = gnu99;
				GCC_DYNAMIC_NO_PIC = NO;
				GCC_OPTIMIZATION_LEVEL = 0;
				GCC_PREPROCESSOR_DEFINITIONS = (
					"DEBUG=1",
					"$(inherited)",
				);
				GCC_SYMBOLS_PRIVATE_EXTERN = NO;
				GCC_WARN_64_TO_32_BIT_CONVERSION = YES;
				GCC_WARN_ABOUT_RETURN_TYPE = YES_ERROR;
				GCC_WARN_UNDECLARED_SELECTOR = YES;
				GCC_WARN_UNINITIALIZED_AUTOS = YES_AGGRESSIVE;
				GCC_WARN_UNUSED_FUNCTION = YES;
				GCC_WARN_UNUSED_VARIABLE = YES;
				MACOSX_DEPLOYMENT_TARGET = 10.10;
				MTL_ENABLE_DEBUG_INFO = YES;
				ONLY_ACTIVE_ARCH = YES;
				SDKROOT = macosx;
			};
			name = Debug;
		};
		9136D0E11A34A5CF00CE1793 /* Release */ = {
			isa = XCBuildConfiguration;
			buildSettings = {
				ALWAYS_SEARCH_USER_PATHS = NO;
				CLANG_CXX_LANGUAGE_STANDARD = "gnu++0x";
				CLANG_CXX_LIBRARY = "libc++";
				CLANG_ENABLE_MODULES = YES;
				CLANG_ENABLE_OBJC_ARC = YES;
				CLANG_WARN_BOOL_CONVERSION = YES;
				CLANG_WARN_CONSTANT_CONVERSION = YES;
				CLANG_WARN_DIRECT_OBJC_ISA_USAGE = YES_ERROR;
				CLANG_WARN_EMPTY_BODY = YES;
				CLANG_WARN_ENUM_CONVERSION = YES;
				CLANG_WARN_INT_CONVERSION = YES;
				CLANG_WARN_OBJC_ROOT_CLASS = YES_ERROR;
				CLANG_WARN_UNREACHABLE_CODE = YES;
				CLANG_WARN__DUPLICATE_METHOD_MATCH = YES;
				CODE_SIGN_IDENTITY = "-";
				COPY_PHASE_STRIP = YES;
				DEBUG_INFORMATION_FORMAT = "dwarf-with-dsym";
				ENABLE_NS_ASSERTIONS = NO;
				ENABLE_STRICT_OBJC_MSGSEND = YES;
				GCC_C_LANGUAGE_STANDARD = gnu99;
				GCC_WARN_64_TO_32_BIT_CONVERSION = YES;
				GCC_WARN_ABOUT_RETURN_TYPE = YES_ERROR;
				GCC_WARN_UNDECLARED_SELECTOR = YES;
				GCC_WARN_UNINITIALIZED_AUTOS = YES_AGGRESSIVE;
				GCC_WARN_UNUSED_FUNCTION = YES;
				GCC_WARN_UNUSED_VARIABLE = YES;
				MACOSX_DEPLOYMENT_TARGET = 10.10;
				MTL_ENABLE_DEBUG_INFO = NO;
				SDKROOT = macosx;
			};
			name = Release;
		};
		9136D0E31A34A5CF00CE1793 /* Debug */ = {
			isa = XCBuildConfiguration;
			buildSettings = {
				ASSETCATALOG_COMPILER_APPICON_NAME = AppIcon;
				COMBINE_HIDPI_IMAGES = YES;
				INFOPLIST_FILE = ITPathbar/Info.plist;
				LD_RUNPATH_SEARCH_PATHS = "$(inherited) @executable_path/../Frameworks";
				PRODUCT_NAME = "$(TARGET_NAME)";
			};
			name = Debug;
		};
		9136D0E41A34A5CF00CE1793 /* Release */ = {
			isa = XCBuildConfiguration;
			buildSettings = {
				ASSETCATALOG_COMPILER_APPICON_NAME = AppIcon;
				COMBINE_HIDPI_IMAGES = YES;
				INFOPLIST_FILE = ITPathbar/Info.plist;
				LD_RUNPATH_SEARCH_PATHS = "$(inherited) @executable_path/../Frameworks";
				PRODUCT_NAME = "$(TARGET_NAME)";
			};
			name = Release;
		};
		9136D0E61A34A5CF00CE1793 /* Debug */ = {
			isa = XCBuildConfiguration;
			buildSettings = {
				BUNDLE_LOADER = "$(TEST_HOST)";
				COMBINE_HIDPI_IMAGES = YES;
				FRAMEWORK_SEARCH_PATHS = (
					"$(DEVELOPER_FRAMEWORKS_DIR)",
					"$(inherited)",
				);
				GCC_PREPROCESSOR_DEFINITIONS = (
					"DEBUG=1",
					"$(inherited)",
				);
				INFOPLIST_FILE = ITPathbarTests/Info.plist;
				LD_RUNPATH_SEARCH_PATHS = "$(inherited) @executable_path/../Frameworks @loader_path/../Frameworks";
				PRODUCT_NAME = "$(TARGET_NAME)";
				TEST_HOST = "$(BUILT_PRODUCTS_DIR)/ITPathbar.app/Contents/MacOS/ITPathbar";
			};
			name = Debug;
		};
		9136D0E71A34A5CF00CE1793 /* Release */ = {
			isa = XCBuildConfiguration;
			buildSettings = {
				BUNDLE_LOADER = "$(TEST_HOST)";
				COMBINE_HIDPI_IMAGES = YES;
				FRAMEWORK_SEARCH_PATHS = (
					"$(DEVELOPER_FRAMEWORKS_DIR)",
					"$(inherited)",
				);
				INFOPLIST_FILE = ITPathbarTests/Info.plist;
				LD_RUNPATH_SEARCH_PATHS = "$(inherited) @executable_path/../Frameworks @loader_path/../Frameworks";
				PRODUCT_NAME = "$(TARGET_NAME)";
				TEST_HOST = "$(BUILT_PRODUCTS_DIR)/ITPathbar.app/Contents/MacOS/ITPathbar";
			};
			name = Release;
		};
/* End XCBuildConfiguration section */

/* Begin XCConfigurationList section */
		9136D0C01A34A5CF00CE1793 /* Build configuration list for PBXProject "ITPathbar" */ = {
			isa = XCConfigurationList;
			buildConfigurations = (
				9136D0E01A34A5CF00CE1793 /* Debug */,
				9136D0E11A34A5CF00CE1793 /* Release */,
			);
			defaultConfigurationIsVisible = 0;
			defaultConfigurationName = Release;
		};
		9136D0E21A34A5CF00CE1793 /* Build configuration list for PBXNativeTarget "ITPathbar" */ = {
			isa = XCConfigurationList;
			buildConfigurations = (
				9136D0E31A34A5CF00CE1793 /* Debug */,
				9136D0E41A34A5CF00CE1793 /* Release */,
			);
			defaultConfigurationIsVisible = 0;
			defaultConfigurationName = Release;
		};
		9136D0E51A34A5CF00CE1793 /* Build configuration list for PBXNativeTarget "ITPathbarTests" */ = {
			isa = XCConfigurationList;
			buildConfigurations = (
				9136D0E61A34A5CF00CE1793 /* Debug */,
				9136D0E71A34A5CF00CE1793 /* Release */,
			);
			defaultConfigurationIsVisible = 0;
			defaultConfigurationName = Release;
		};
/* End XCConfigurationList section */
	};
	rootObject = 9136D0BD1A34A5CF00CE1793 /* Project object */;
}
